
Microsoft Visual Studio Solution File, Format Version 12.00
# Visual Studio Version 16
VisualStudioVersion = 16.0.30330.147
MinimumVisualStudioVersion = 10.0.40219.1
Project("{FAE04EC0-301F-11D3-BF4B-00C04F79EFBC}") = "PracticeThread", "PracticeThread\PracticeThread.csproj", "{2F56DA2C-B6D8-4399-80DC-73F32C28BEA6}"
EndProject
Global
	GlobalSection(SolutionConfigurationPlatforms) = preSolution
		Debug|Any CPU = Debug|Any CPU
		Release|Any CPU = Release|Any CPU
	EndGlobalSection
	GlobalSection(ProjectConfigurationPlatforms) = postSolution
		{2F56DA2C-B6D8-4399-80DC-73F32C28BEA6}.Debug|Any CPU.ActiveCfg = Debug|Any CPU
		{2F56DA2C-B6D8-4399-80DC-73F32C28BEA6}.Debug|Any CPU.Build.0 = Debug|Any CPU
		{2F56DA2C-B6D8-4399-80DC-73F32C28BEA6}.Release|Any CPU.ActiveCfg = Release|Any CPU
		{2F56DA2C-B6D8-4399-80DC-73F32C28BEA6}.Release|Any CPU.Build.0 = Release|Any CPU
	EndGlobalSection
	GlobalSection(SolutionProperties) = preSolution
		HideSolutionNode = FALSE
	EndGlobalSection
	GlobalSection(ExtensibilityGlobals) = postSolution
		SolutionGuid = {EB0C36E3-70BB-4713-B9DA-0351BE2EF9BB}
	EndGlobalSection
EndGlobal
